
Microsoft Visual Studio Solution File, Format Version 12.00
# Visual Studio 15
VisualStudioVersion = 15.0.28307.106
MinimumVisualStudioVersion = 10.0.40219.1
Project("{FAE04EC0-301F-11D3-BF4B-00C04F79EFBC}") = "VariablesExercise", "VariablesExercise\VariablesExercise.csproj", "{E777F74F-6E4A-4906-A0A4-3D5405772A2B}"
EndProject
Global
	GlobalSection(SolutionConfigurationPlatforms) = preSolution
		Debug|Any CPU = Debug|Any CPU
		Release|Any CPU = Release|Any CPU
	EndGlobalSection
	GlobalSection(ProjectConfigurationPlatforms) = postSolution
		{E777F74F-6E4A-4906-A0A4-3D5405772A2B}.Debug|Any CPU.ActiveCfg = Debug|Any CPU
		{E777F74F-6E4A-4906-A0A4-3D5405772A2B}.Debug|Any CPU.Build.0 = Debug|Any CPU
		{E777F74F-6E4A-4906-A0A4-3D5405772A2B}.Release|Any CPU.ActiveCfg = Release|Any CPU
		{E777F74F-6E4A-4906-A0A4-3D5405772A2B}.Release|Any CPU.Build.0 = Release|Any CPU
	EndGlobalSection
	GlobalSection(SolutionProperties) = preSolution
		HideSolutionNode = FALSE
	EndGlobalSection
	GlobalSection(ExtensibilityGlobals) = postSolution
		SolutionGuid = {17D8F15E-1322-4453-8033-93C9BF9AB155}
	EndGlobalSection
EndGlobal
