
Microsoft Visual Studio Solution File, Format Version 12.00
# Visual Studio 15
VisualStudioVersion = 15.0.28307.106
MinimumVisualStudioVersion = 10.0.40219.1
Project("{FAE04EC0-301F-11D3-BF4B-00C04F79EFBC}") = "MathPractice", "MathPractice\MathPractice.csproj", "{F06F5776-774B-41E4-B324-FCA20381ABE4}"
EndProject
Global
	GlobalSection(SolutionConfigurationPlatforms) = preSolution
		Debug|Any CPU = Debug|Any CPU
		Release|Any CPU = Release|Any CPU
	EndGlobalSection
	GlobalSection(ProjectConfigurationPlatforms) = postSolution
		{F06F5776-774B-41E4-B324-FCA20381ABE4}.Debug|Any CPU.ActiveCfg = Debug|Any CPU
		{F06F5776-774B-41E4-B324-FCA20381ABE4}.Debug|Any CPU.Build.0 = Debug|Any CPU
		{F06F5776-774B-41E4-B324-FCA20381ABE4}.Release|Any CPU.ActiveCfg = Release|Any CPU
		{F06F5776-774B-41E4-B324-FCA20381ABE4}.Release|Any CPU.Build.0 = Release|Any CPU
	EndGlobalSection
	GlobalSection(SolutionProperties) = preSolution
		HideSolutionNode = FALSE
	EndGlobalSection
	GlobalSection(ExtensibilityGlobals) = postSolution
		SolutionGuid = {19DBCEF9-0D03-4510-AA56-20819B83A024}
	EndGlobalSection
EndGlobal
