
Microsoft Visual Studio Solution File, Format Version 12.00
# Visual Studio 15
VisualStudioVersion = 15.0.28307.106
MinimumVisualStudioVersion = 10.0.40219.1
Project("{FAE04EC0-301F-11D3-BF4B-00C04F79EFBC}") = "FunctionsExercise", "FunctionsExercise\FunctionsExercise.csproj", "{91B0C6E2-F658-43FD-8F6C-108D187F4A7F}"
EndProject
Global
	GlobalSection(SolutionConfigurationPlatforms) = preSolution
		Debug|Any CPU = Debug|Any CPU
		Release|Any CPU = Release|Any CPU
	EndGlobalSection
	GlobalSection(ProjectConfigurationPlatforms) = postSolution
		{91B0C6E2-F658-43FD-8F6C-108D187F4A7F}.Debug|Any CPU.ActiveCfg = Debug|Any CPU
		{91B0C6E2-F658-43FD-8F6C-108D187F4A7F}.Debug|Any CPU.Build.0 = Debug|Any CPU
		{91B0C6E2-F658-43FD-8F6C-108D187F4A7F}.Release|Any CPU.ActiveCfg = Release|Any CPU
		{91B0C6E2-F658-43FD-8F6C-108D187F4A7F}.Release|Any CPU.Build.0 = Release|Any CPU
	EndGlobalSection
	GlobalSection(SolutionProperties) = preSolution
		HideSolutionNode = FALSE
	EndGlobalSection
	GlobalSection(ExtensibilityGlobals) = postSolution
		SolutionGuid = {D94F783D-A4DA-463A-BE47-A7561AFD6382}
	EndGlobalSection
EndGlobal
